
Microsoft Visual Studio Solution File, Format Version 12.00
# Visual Studio Version 17
VisualStudioVersion = 17.5.33424.131
MinimumVisualStudioVersion = 10.0.40219.1
Project("{FAE04EC0-301F-11D3-BF4B-00C04F79EFBC}") = "SwitchCase", "SwitchCase.csproj", "{3CFC2BCE-E757-4C75-BEFF-60CF9F1597A9}"
EndProject
Global
	GlobalSection(SolutionConfigurationPlatforms) = preSolution
		Debug|Any CPU = Debug|Any CPU
		Release|Any CPU = Release|Any CPU
	EndGlobalSection
	GlobalSection(ProjectConfigurationPlatforms) = postSolution
		{3CFC2BCE-E757-4C75-BEFF-60CF9F1597A9}.Debug|Any CPU.ActiveCfg = Debug|Any CPU
		{3CFC2BCE-E757-4C75-BEFF-60CF9F1597A9}.Debug|Any CPU.Build.0 = Debug|Any CPU
		{3CFC2BCE-E757-4C75-BEFF-60CF9F1597A9}.Release|Any CPU.ActiveCfg = Release|Any CPU
		{3CFC2BCE-E757-4C75-BEFF-60CF9F1597A9}.Release|Any CPU.Build.0 = Release|Any CPU
	EndGlobalSection
	GlobalSection(SolutionProperties) = preSolution
		HideSolutionNode = FALSE
	EndGlobalSection
	GlobalSection(ExtensibilityGlobals) = postSolution
		SolutionGuid = {767336FC-82F2-47FD-83DF-E236EFE96042}
	EndGlobalSection
EndGlobal
