
Microsoft Visual Studio Solution File, Format Version 12.00
# Visual Studio Version 17
VisualStudioVersion = 17.5.33424.131
MinimumVisualStudioVersion = 10.0.40219.1
Project("{FAE04EC0-301F-11D3-BF4B-00C04F79EFBC}") = "Arrays", "Arrays.csproj", "{FE6221F2-19F4-4A40-B0A3-CFE47E0B4BB2}"
EndProject
Global
	GlobalSection(SolutionConfigurationPlatforms) = preSolution
		Debug|Any CPU = Debug|Any CPU
		Release|Any CPU = Release|Any CPU
	EndGlobalSection
	GlobalSection(ProjectConfigurationPlatforms) = postSolution
		{FE6221F2-19F4-4A40-B0A3-CFE47E0B4BB2}.Debug|Any CPU.ActiveCfg = Debug|Any CPU
		{FE6221F2-19F4-4A40-B0A3-CFE47E0B4BB2}.Debug|Any CPU.Build.0 = Debug|Any CPU
		{FE6221F2-19F4-4A40-B0A3-CFE47E0B4BB2}.Release|Any CPU.ActiveCfg = Release|Any CPU
		{FE6221F2-19F4-4A40-B0A3-CFE47E0B4BB2}.Release|Any CPU.Build.0 = Release|Any CPU
	EndGlobalSection
	GlobalSection(SolutionProperties) = preSolution
		HideSolutionNode = FALSE
	EndGlobalSection
	GlobalSection(ExtensibilityGlobals) = postSolution
		SolutionGuid = {D7DE6743-7F31-4D22-875C-8FB59F90DEBC}
	EndGlobalSection
EndGlobal
